// !$*UTF8*$!
{
	archiveVersion = 1;
	classes = {
	};
	objectVersion = 46;
	objects = {

/* Begin PBXBuildFile section */
		431F2DD61C3B893F001DA1E8 /* syncEngine.swift in Sources */ = {isa = PBXBuildFile; fileRef = 431F2DD51C3B893F001DA1E8 /* syncEngine.swift */; };
		431F2DDB1C3BA727001DA1E8 /* SyncInfo+CoreDataProperties.swift in Sources */ = {isa = PBXBuildFile; fileRef = 431F2DD91C3BA727001DA1E8 /* SyncInfo+CoreDataProperties.swift */; };
		431F2DDC1C3BA727001DA1E8 /* SyncInfo.swift in Sources */ = {isa = PBXBuildFile; fileRef = 431F2DDA1C3BA727001DA1E8 /* SyncInfo.swift */; };
		4388A3851C3A96830001D039 /* AppDelegate.swift in Sources */ = {isa = PBXBuildFile; fileRef = 4388A3841C3A96830001D039 /* AppDelegate.swift */; };
		4388A3871C3A96830001D039 /* ViewController.swift in Sources */ = {isa = PBXBuildFile; fileRef = 4388A3861C3A96830001D039 /* ViewController.swift */; };
		4388A38A1C3A96830001D039 /* Main.storyboard in Resources */ = {isa = PBXBuildFile; fileRef = 4388A3881C3A96830001D039 /* Main.storyboard */; };
		4388A38D1C3A96830001D039 /* coreDataSync.xcdatamodeld in Sources */ = {isa = PBXBuildFile; fileRef = 4388A38B1C3A96830001D039 /* coreDataSync.xcdatamodeld */; };
		4388A38F1C3A96830001D039 /* Assets.xcassets in Resources */ = {isa = PBXBuildFile; fileRef = 4388A38E1C3A96830001D039 /* Assets.xcassets */; };
		4388A3921C3A96830001D039 /* LaunchScreen.storyboard in Resources */ = {isa = PBXBuildFile; fileRef = 4388A3901C3A96830001D039 /* LaunchScreen.storyboard */; };
		4388A39C1C3A9B790001D039 /* AddViewController.swift in Sources */ = {isa = PBXBuildFile; fileRef = 4388A39B1C3A9B790001D039 /* AddViewController.swift */; };
		4388A39E1C3A9B9B0001D039 /* UpdateViewController.swift in Sources */ = {isa = PBXBuildFile; fileRef = 4388A39D1C3A9B9B0001D039 /* UpdateViewController.swift */; };
		4388A3A41C3AA03C0001D039 /* Person+CoreDataProperties.swift in Sources */ = {isa = PBXBuildFile; fileRef = 4388A3A21C3AA03C0001D039 /* Person+CoreDataProperties.swift */; };
		4388A3A51C3AA03C0001D039 /* Person.swift in Sources */ = {isa = PBXBuildFile; fileRef = 4388A3A31C3AA03C0001D039 /* Person.swift */; };
		E187C2079A12D3FA8E6E558D /* Pods_coreDataSync.framework in Frameworks */ = {isa = PBXBuildFile; fileRef = CA7CE425E1CF7F3F8F501A29 /* Pods_coreDataSync.framework */; };
/* End PBXBuildFile section */

/* Begin PBXFileReference section */
		431F2DD51C3B893F001DA1E8 /* syncEngine.swift */ = {isa = PBXFileReference; fileEncoding = 4; lastKnownFileType = sourcecode.swift; path = syncEngine.swift; sourceTree = "<group>"; };
		431F2DD91C3BA727001DA1E8 /* SyncInfo+CoreDataProperties.swift */ = {isa = PBXFileReference; fileEncoding = 4; lastKnownFileType = sourcecode.swift; path = "SyncInfo+CoreDataProperties.swift"; sourceTree = "<group>"; };
		431F2DDA1C3BA727001DA1E8 /* SyncInfo.swift */ = {isa = PBXFileReference; fileEncoding = 4; lastKnownFileType = sourcecode.swift; path = SyncInfo.swift; sourceTree = "<group>"; };
		4388A3811C3A96830001D039 /* coreDataSync.app */ = {isa = PBXFileReference; explicitFileType = wrapper.application; includeInIndex = 0; path = coreDataSync.app; sourceTree = BUILT_PRODUCTS_DIR; };
		4388A3841C3A96830001D039 /* AppDelegate.swift */ = {isa = PBXFileReference; lastKnownFileType = sourcecode.swift; path = AppDelegate.swift; sourceTree = "<group>"; };
		4388A3861C3A96830001D039 /* ViewController.swift */ = {isa = PBXFileReference; lastKnownFileType = sourcecode.swift; path = ViewController.swift; sourceTree = "<group>"; };
		4388A3891C3A96830001D039 /* Base */ = {isa = PBXFileReference; lastKnownFileType = file.storyboard; name = Base; path = Base.lproj/Main.storyboard; sourceTree = "<group>"; };
		4388A38C1C3A96830001D039 /* coreDataSync.xcdatamodel */ = {isa = PBXFileReference; lastKnownFileType = wrapper.xcdatamodel; path = coreDataSync.xcdatamodel; sourceTree = "<group>"; };
		4388A38E1C3A96830001D039 /* Assets.xcassets */ = {isa = PBXFileReference; lastKnownFileType = folder.assetcatalog; path = Assets.xcassets; sourceTree = "<group>"; };
		4388A3911C3A96830001D039 /* Base */ = {isa = PBXFileReference; lastKnownFileType = file.storyboard; name = Base; path = Base.lproj/LaunchScreen.storyboard; sourceTree = "<group>"; };
		4388A3931C3A96830001D039 /* Info.plist */ = {isa = PBXFileReference; lastKnownFileType = text.plist.xml; path = Info.plist; sourceTree = "<group>"; };
		4388A39B1C3A9B790001D039 /* AddViewController.swift */ = {isa = PBXFileReference; fileEncoding = 4; lastKnownFileType = sourcecode.swift; path = AddViewController.swift; sourceTree = "<group>"; };
		4388A39D1C3A9B9B0001D039 /* UpdateViewController.swift */ = {isa = PBXFileReference; fileEncoding = 4; lastKnownFileType = sourcecode.swift; path = UpdateViewController.swift; sourceTree = "<group>"; };
		4388A3A21C3AA03C0001D039 /* Person+CoreDataProperties.swift */ = {isa = PBXFileReference; fileEncoding = 4; lastKnownFileType = sourcecode.swift; path = "Person+CoreDataProperties.swift"; sourceTree = "<group>"; };
		4388A3A31C3AA03C0001D039 /* Person.swift */ = {isa = PBXFileReference; fileEncoding = 4; lastKnownFileType = sourcecode.swift; path = Person.swift; sourceTree = "<group>"; };
		7527A3FCF3663AB75DD63D81 /* Pods-coreDataSync.debug.xcconfig */ = {isa = PBXFileReference; includeInIndex = 1; lastKnownFileType = text.xcconfig; name = "Pods-coreDataSync.debug.xcconfig"; path = "Pods/Target Support Files/Pods-coreDataSync/Pods-coreDataSync.debug.xcconfig"; sourceTree = "<group>"; };
		CA7CE425E1CF7F3F8F501A29 /* Pods_coreDataSync.framework */ = {isa = PBXFileReference; explicitFileType = wrapper.framework; includeInIndex = 0; path = Pods_coreDataSync.framework; sourceTree = BUILT_PRODUCTS_DIR; };
		E6DFC74E5CBD74C1EDD09E35 /* Pods-coreDataSync.release.xcconfig */ = {isa = PBXFileReference; includeInIndex = 1; lastKnownFileType = text.xcconfig; name = "Pods-coreDataSync.release.xcconfig"; path = "Pods/Target Support Files/Pods-coreDataSync/Pods-coreDataSync.release.xcconfig"; sourceTree = "<group>"; };
/* End PBXFileReference section */

/* Begin PBXFrameworksBuildPhase section */
		4388A37E1C3A96830001D039 /* Frameworks */ = {
			isa = PBXFrameworksBuildPhase;
			buildActionMask = 2147483647;
			files = (
				E187C2079A12D3FA8E6E558D /* Pods_coreDataSync.framework in Frameworks */,
			);
			runOnlyForDeploymentPostprocessing = 0;
		};
/* End PBXFrameworksBuildPhase section */

/* Begin PBXGroup section */
		4388A3781C3A96830001D039 = {
			isa = PBXGroup;
			children = (
				4388A3831C3A96830001D039 /* coreDataSync */,
				4388A3821C3A96830001D039 /* Products */,
				6888760B6B2E59F3C83B78EF /* Pods */,
				BBBD85E266A752264FA847BE /* Frameworks */,
			);
			sourceTree = "<group>";
		};
		4388A3821C3A96830001D039 /* Products */ = {
			isa = PBXGroup;
			children = (
				4388A3811C3A96830001D039 /* coreDataSync.app */,
			);
			name = Products;
			sourceTree = "<group>";
		};
		4388A3831C3A96830001D039 /* coreDataSync */ = {
			isa = PBXGroup;
			children = (
				4388A3841C3A96830001D039 /* AppDelegate.swift */,
				4388A3861C3A96830001D039 /* ViewController.swift */,
				4388A39B1C3A9B790001D039 /* AddViewController.swift */,
				4388A39D1C3A9B9B0001D039 /* UpdateViewController.swift */,
				4388A3881C3A96830001D039 /* Main.storyboard */,
				4388A38E1C3A96830001D039 /* Assets.xcassets */,
				4388A3901C3A96830001D039 /* LaunchScreen.storyboard */,
				4388A3931C3A96830001D039 /* Info.plist */,
				4388A38B1C3A96830001D039 /* coreDataSync.xcdatamodeld */,
				4388A3A21C3AA03C0001D039 /* Person+CoreDataProperties.swift */,
				4388A3A31C3AA03C0001D039 /* Person.swift */,
				431F2DD51C3B893F001DA1E8 /* syncEngine.swift */,
				431F2DD91C3BA727001DA1E8 /* SyncInfo+CoreDataProperties.swift */,
				431F2DDA1C3BA727001DA1E8 /* SyncInfo.swift */,
			);
			path = coreDataSync;
			sourceTree = "<group>";
		};
		6888760B6B2E59F3C83B78EF /* Pods */ = {
			isa = PBXGroup;
			children = (
				7527A3FCF3663AB75DD63D81 /* Pods-coreDataSync.debug.xcconfig */,
				E6DFC74E5CBD74C1EDD09E35 /* Pods-coreDataSync.release.xcconfig */,
			);
			name = Pods;
			sourceTree = "<group>";
		};
		BBBD85E266A752264FA847BE /* Frameworks */ = {
			isa = PBXGroup;
			children = (
				CA7CE425E1CF7F3F8F501A29 /* Pods_coreDataSync.framework */,
			);
			name = Frameworks;
			sourceTree = "<group>";
		};
/* End PBXGroup section */

/* Begin PBXNativeTarget section */
		4388A3801C3A96830001D039 /* coreDataSync */ = {
			isa = PBXNativeTarget;
			buildConfigurationList = 4388A3961C3A96830001D039 /* Build configuration list for PBXNativeTarget "coreDataSync" */;
			buildPhases = (
				96511FB758F44261C0B141E0 /* Check Pods Manifest.lock */,
				4388A37D1C3A96830001D039 /* Sources */,
				4388A37E1C3A96830001D039 /* Frameworks */,
				4388A37F1C3A96830001D039 /* Resources */,
				E797116D9F94AC17B0E2A795 /* Embed Pods Frameworks */,
				46193AAE30160ED45C8B69DA /* Copy Pods Resources */,
			);
			buildRules = (
			);
			dependencies = (
			);
			name = coreDataSync;
			productName = coreDataSync;
			productReference = 4388A3811C3A96830001D039 /* coreDataSync.app */;
			productType = "com.apple.product-type.application";
		};
/* End PBXNativeTarget section */

/* Begin PBXProject section */
		4388A3791C3A96830001D039 /* Project object */ = {
			isa = PBXProject;
			attributes = {
				LastSwiftUpdateCheck = 0720;
				LastUpgradeCheck = 0720;
				ORGANIZATIONNAME = DARI;
				TargetAttributes = {
					4388A3801C3A96830001D039 = {
						CreatedOnToolsVersion = 7.2;
					};
				};
			};
			buildConfigurationList = 4388A37C1C3A96830001D039 /* Build configuration list for PBXProject "coreDataSync" */;
			compatibilityVersion = "Xcode 3.2";
			developmentRegion = English;
			hasScannedForEncodings = 0;
			knownRegions = (
				en,
				Base,
			);
			mainGroup = 4388A3781C3A96830001D039;
			productRefGroup = 4388A3821C3A96830001D039 /* Products */;
			projectDirPath = "";
			projectRoot = "";
			targets = (
				4388A3801C3A96830001D039 /* coreDataSync */,
			);
		};
/* End PBXProject section */

/* Begin PBXResourcesBuildPhase section */
		4388A37F1C3A96830001D039 /* Resources */ = {
			isa = PBXResourcesBuildPhase;
			buildActionMask = 2147483647;
			files = (
				4388A3921C3A96830001D039 /* LaunchScreen.storyboard in Resources */,
				4388A38F1C3A96830001D039 /* Assets.xcassets in Resources */,
				4388A38A1C3A96830001D039 /* Main.storyboard in Resources */,
			);
			runOnlyForDeploymentPostprocessing = 0;
		};
/* End PBXResourcesBuildPhase section */

/* Begin PBXShellScriptBuildPhase section */
		46193AAE30160ED45C8B69DA /* Copy Pods Resources */ = {
			isa = PBXShellScriptBuildPhase;
			buildActionMask = 2147483647;
			files = (
			);
			inputPaths = (
			);
			name = "Copy Pods Resources";
			outputPaths = (
			);
			runOnlyForDeploymentPostprocessing = 0;
			shellPath = /bin/sh;
			shellScript = "\"${SRCROOT}/Pods/Target Support Files/Pods-coreDataSync/Pods-coreDataSync-resources.sh\"\n";
			showEnvVarsInLog = 0;
		};
		96511FB758F44261C0B141E0 /* Check Pods Manifest.lock */ = {
			isa = PBXShellScriptBuildPhase;
			buildActionMask = 2147483647;
			files = (
			);
			inputPaths = (
			);
			name = "Check Pods Manifest.lock";
			outputPaths = (
			);
			runOnlyForDeploymentPostprocessing = 0;
			shellPath = /bin/sh;
			shellScript = "diff \"${PODS_ROOT}/../Podfile.lock\" \"${PODS_ROOT}/Manifest.lock\" > /dev/null\nif [[ $? != 0 ]] ; then\n    cat << EOM\nerror: The sandbox is not in sync with the Podfile.lock. Run 'pod install' or update your CocoaPods installation.\nEOM\n    exit 1\nfi\n";
			showEnvVarsInLog = 0;
		};
		E797116D9F94AC17B0E2A795 /* Embed Pods Frameworks */ = {
			isa = PBXShellScriptBuildPhase;
			buildActionMask = 2147483647;
			files = (
			);
			inputPaths = (
			);
			name = "Embed Pods Frameworks";
			outputPaths = (
			);
			runOnlyForDeploymentPostprocessing = 0;
			shellPath = /bin/sh;
			shellScript = "\"${SRCROOT}/Pods/Target Support Files/Pods-coreDataSync/Pods-coreDataSync-frameworks.sh\"\n";
			showEnvVarsInLog = 0;
		};
/* End PBXShellScriptBuildPhase section */

/* Begin PBXSourcesBuildPhase section */
		4388A37D1C3A96830001D039 /* Sources */ = {
			isa = PBXSourcesBuildPhase;
			buildActionMask = 2147483647;
			files = (
				4388A38D1C3A96830001D039 /* coreDataSync.xcdatamodeld in Sources */,
				4388A3871C3A96830001D039 /* ViewController.swift in Sources */,
				431F2DDB1C3BA727001DA1E8 /* SyncInfo+CoreDataProperties.swift in Sources */,
				4388A3A41C3AA03C0001D039 /* Person+CoreDataProperties.swift in Sources */,
				4388A39C1C3A9B790001D039 /* AddViewController.swift in Sources */,
				4388A3A51C3AA03C0001D039 /* Person.swift in Sources */,
				431F2DDC1C3BA727001DA1E8 /* SyncInfo.swift in Sources */,
				4388A3851C3A96830001D039 /* AppDelegate.swift in Sources */,
				431F2DD61C3B893F001DA1E8 /* syncEngine.swift in Sources */,
				4388A39E1C3A9B9B0001D039 /* UpdateViewController.swift in Sources */,
			);
			runOnlyForDeploymentPostprocessing = 0;
		};
/* End PBXSourcesBuildPhase section */

/* Begin PBXVariantGroup section */
		4388A3881C3A96830001D039 /* Main.storyboard */ = {
			isa = PBXVariantGroup;
			children = (
				4388A3891C3A96830001D039 /* Base */,
			);
			name = Main.storyboard;
			sourceTree = "<group>";
		};
		4388A3901C3A96830001D039 /* LaunchScreen.storyboard */ = {
			isa = PBXVariantGroup;
			children = (
				4388A3911C3A96830001D039 /* Base */,
			);
			name = LaunchScreen.storyboard;
			sourceTree = "<group>";
		};
/* End PBXVariantGroup section */

/* Begin XCBuildConfiguration section */
		4388A3941C3A96830001D039 /* Debug */ = {
			isa = XCBuildConfiguration;
			buildSettings = {
				ALWAYS_SEARCH_USER_PATHS = NO;
				CLANG_CXX_LANGUAGE_STANDARD = "gnu++0x";
				CLANG_CXX_LIBRARY = "libc++";
				CLANG_ENABLE_MODULES = YES;
				CLANG_ENABLE_OBJC_ARC = YES;
				CLANG_WARN_BOOL_CONVERSION = YES;
				CLANG_WARN_CONSTANT_CONVERSION = YES;
				CLANG_WARN_DIRECT_OBJC_ISA_USAGE = YES_ERROR;
				CLANG_WARN_EMPTY_BODY = YES;
				CLANG_WARN_ENUM_CONVERSION = YES;
				CLANG_WARN_INT_CONVERSION = YES;
				CLANG_WARN_OBJC_ROOT_CLASS = YES_ERROR;
				CLANG_WARN_UNREACHABLE_CODE = YES;
				CLANG_WARN__DUPLICATE_METHOD_MATCH = YES;
				"CODE_SIGN_IDENTITY[sdk=iphoneos*]" = "iPhone Developer";
				COPY_PHASE_STRIP = NO;
				DEBUG_INFORMATION_FORMAT = dwarf;
				ENABLE_STRICT_OBJC_MSGSEND = YES;
				ENABLE_TESTABILITY = YES;
				GCC_C_LANGUAGE_STANDARD = gnu99;
				GCC_DYNAMIC_NO_PIC = NO;
				GCC_NO_COMMON_BLOCKS = YES;
				GCC_OPTIMIZATION_LEVEL = 0;
				GCC_PREPROCESSOR_DEFINITIONS = (
					"DEBUG=1",
					"$(inherited)",
				);
				GCC_WARN_64_TO_32_BIT_CONVERSION = YES;
				GCC_WARN_ABOUT_RETURN_TYPE = YES_ERROR;
				GCC_WARN_UNDECLARED_SELECTOR = YES;
				GCC_WARN_UNINITIALIZED_AUTOS = YES_AGGRESSIVE;
				GCC_WARN_UNUSED_FUNCTION = YES;
				GCC_WARN_UNUSED_VARIABLE = YES;
				IPHONEOS_DEPLOYMENT_TARGET = 9.2;
				MTL_ENABLE_DEBUG_INFO = YES;
				ONLY_ACTIVE_ARCH = YES;
				SDKROOT = iphoneos;
				SWIFT_OPTIMIZATION_LEVEL = "-Onone";
				TARGETED_DEVICE_FAMILY = "1,2";
			};
			name = Debug;
		};
		4388A3951C3A96830001D039 /* Release */ = {
			isa = XCBuildConfiguration;
			buildSettings = {
				ALWAYS_SEARCH_USER_PATHS = NO;
				CLANG_CXX_LANGUAGE_STANDARD = "gnu++0x";
				CLANG_CXX_LIBRARY = "libc++";
				CLANG_ENABLE_MODULES = YES;
				CLANG_ENABLE_OBJC_ARC = YES;
				CLANG_WARN_BOOL_CONVERSION = YES;
				CLANG_WARN_CONSTANT_CONVERSION = YES;
				CLANG_WARN_DIRECT_OBJC_ISA_USAGE = YES_ERROR;
				CLANG_WARN_EMPTY_BODY = YES;
				CLANG_WARN_ENUM_CONVERSION = YES;
				CLANG_WARN_INT_CONVERSION = YES;
				CLANG_WARN_OBJC_ROOT_CLASS = YES_ERROR;
				CLANG_WARN_UNREACHABLE_CODE = YES;
				CLANG_WARN__DUPLICATE_METHOD_MATCH = YES;
				"CODE_SIGN_IDENTITY[sdk=iphoneos*]" = "iPhone Developer";
				COPY_PHASE_STRIP = NO;
				DEBUG_INFORMATION_FORMAT = "dwarf-with-dsym";
				ENABLE_NS_ASSERTIONS = NO;
				ENABLE_STRICT_OBJC_MSGSEND = YES;
				GCC_C_LANGUAGE_STANDARD = gnu99;
				GCC_NO_COMMON_BLOCKS = YES;
				GCC_WARN_64_TO_32_BIT_CONVERSION = YES;
				GCC_WARN_ABOUT_RETURN_TYPE = YES_ERROR;
				GCC_WARN_UNDECLARED_SELECTOR = YES;
				GCC_WARN_UNINITIALIZED_AUTOS = YES_AGGRESSIVE;
				GCC_WARN_UNUSED_FUNCTION = YES;
				GCC_WARN_UNUSED_VARIABLE = YES;
				IPHONEOS_DEPLOYMENT_TARGET = 9.2;
				MTL_ENABLE_DEBUG_INFO = NO;
				SDKROOT = iphoneos;
				TARGETED_DEVICE_FAMILY = "1,2";
				VALIDATE_PRODUCT = YES;
			};
			name = Release;
		};
		4388A3971C3A96830001D039 /* Debug */ = {
			isa = XCBuildConfiguration;
			baseConfigurationReference = 7527A3FCF3663AB75DD63D81 /* Pods-coreDataSync.debug.xcconfig */;
			buildSettings = {
				ASSETCATALOG_COMPILER_APPICON_NAME = AppIcon;
				INFOPLIST_FILE = coreDataSync/Info.plist;
				IPHONEOS_DEPLOYMENT_TARGET = 9.2;
				LD_RUNPATH_SEARCH_PATHS = "$(inherited) @executable_path/Frameworks";
				PRODUCT_BUNDLE_IDENTIFIER = dari.coreDataSync;
				PRODUCT_NAME = "$(TARGET_NAME)";
			};
			name = Debug;
		};
		4388A3981C3A96830001D039 /* Release */ = {
			isa = XCBuildConfiguration;
			baseConfigurationReference = E6DFC74E5CBD74C1EDD09E35 /* Pods-coreDataSync.release.xcconfig */;
			buildSettings = {
				ASSETCATALOG_COMPILER_APPICON_NAME = AppIcon;
				INFOPLIST_FILE = coreDataSync/Info.plist;
				IPHONEOS_DEPLOYMENT_TARGET = 9.2;
				LD_RUNPATH_SEARCH_PATHS = "$(inherited) @executable_path/Frameworks";
				PRODUCT_BUNDLE_IDENTIFIER = dari.coreDataSync;
				PRODUCT_NAME = "$(TARGET_NAME)";
			};
			name = Release;
		};
/* End XCBuildConfiguration section */

/* Begin XCConfigurationList section */
		4388A37C1C3A96830001D039 /* Build configuration list for PBXProject "coreDataSync" */ = {
			isa = XCConfigurationList;
			buildConfigurations = (
				4388A3941C3A96830001D039 /* Debug */,
				4388A3951C3A96830001D039 /* Release */,
			);
			defaultConfigurationIsVisible = 0;
			defaultConfigurationName = Release;
		};
		4388A3961C3A96830001D039 /* Build configuration list for PBXNativeTarget "coreDataSync" */ = {
			isa = XCConfigurationList;
			buildConfigurations = (
				4388A3971C3A96830001D039 /* Debug */,
				4388A3981C3A96830001D039 /* Release */,
			);
			defaultConfigurationIsVisible = 0;
			defaultConfigurationName = Release;
		};
/* End XCConfigurationList section */

/* Begin XCVersionGroup section */
		4388A38B1C3A96830001D039 /* coreDataSync.xcdatamodeld */ = {
			isa = XCVersionGroup;
			children = (
				4388A38C1C3A96830001D039 /* coreDataSync.xcdatamodel */,
			);
			currentVersion = 4388A38C1C3A96830001D039 /* coreDataSync.xcdatamodel */;
			path = coreDataSync.xcdatamodeld;
			sourceTree = "<group>";
			versionGroupType = wrapper.xcdatamodel;
		};
/* End XCVersionGroup section */
	};
	rootObject = 4388A3791C3A96830001D039 /* Project object */;
}
